
Microsoft Visual Studio Solution File, Format Version 12.00
# Visual Studio 2013
VisualStudioVersion = 12.0.21005.1
MinimumVisualStudioVersion = 10.0.40219.1
Project("{8BC9CEB8-8B4A-11D0-8D11-00A0C91BC942}") = "Task1", "Task1\Task1.vcxproj", "{0C7BE4F3-0EF7-48B3-BA11-D399A5985E67}"
EndProject
Project("{8BC9CEB8-8B4A-11D0-8D11-00A0C91BC942}") = "Task3", "Task3\Task3.vcxproj", "{30D353B9-345A-46FA-9CE0-3D314F2B1ED5}"
EndProject
Project("{8BC9CEB8-8B4A-11D0-8D11-00A0C91BC942}") = "Task4", "Task4\Task4.vcxproj", "{27D9BDBC-098F-499E-B471-CFDD433EC05D}"
EndProject
Project("{8BC9CEB8-8B4A-11D0-8D11-00A0C91BC942}") = "Task5", "Task5\Task5.vcxproj", "{9F18B0E5-1DEF-40D7-972C-D9793CAB8418}"
EndProject
Project("{8BC9CEB8-8B4A-11D0-8D11-00A0C91BC942}") = "Task11", "Task11\Task11.vcxproj", "{59FC150F-895A-4EB5-BB34-118A67621F2C}"
EndProject
Project("{8BC9CEB8-8B4A-11D0-8D11-00A0C91BC942}") = "Task12", "Task12\Task12.vcxproj", "{E6509ACE-8BF2-4BC6-BD8F-F056E27F0B12}"
EndProject
Project("{8BC9CEB8-8B4A-11D0-8D11-00A0C91BC942}") = "Task17", "Task17\Task17.vcxproj", "{3BD56F02-697F-4F8F-A40C-98FDC5F6DEC1}"
EndProject
Project("{8BC9CEB8-8B4A-11D0-8D11-00A0C91BC942}") = "TestForTask17", "TestForTask17\TestForTask17.vcxproj", "{B779C96E-9D65-4F28-BA1C-1F2525889332}"
EndProject
Global
	GlobalSection(SolutionConfigurationPlatforms) = preSolution
		Debug|Win32 = Debug|Win32
		Release|Win32 = Release|Win32
	EndGlobalSection
	GlobalSection(ProjectConfigurationPlatforms) = postSolution
		{0C7BE4F3-0EF7-48B3-BA11-D399A5985E67}.Debug|Win32.ActiveCfg = Debug|Win32
		{0C7BE4F3-0EF7-48B3-BA11-D399A5985E67}.Debug|Win32.Build.0 = Debug|Win32
		{0C7BE4F3-0EF7-48B3-BA11-D399A5985E67}.Release|Win32.ActiveCfg = Release|Win32
		{0C7BE4F3-0EF7-48B3-BA11-D399A5985E67}.Release|Win32.Build.0 = Release|Win32
		{30D353B9-345A-46FA-9CE0-3D314F2B1ED5}.Debug|Win32.ActiveCfg = Debug|Win32
		{30D353B9-345A-46FA-9CE0-3D314F2B1ED5}.Debug|Win32.Build.0 = Debug|Win32
		{30D353B9-345A-46FA-9CE0-3D314F2B1ED5}.Release|Win32.ActiveCfg = Release|Win32
		{30D353B9-345A-46FA-9CE0-3D314F2B1ED5}.Release|Win32.Build.0 = Release|Win32
		{27D9BDBC-098F-499E-B471-CFDD433EC05D}.Debug|Win32.ActiveCfg = Debug|Win32
		{27D9BDBC-098F-499E-B471-CFDD433EC05D}.Debug|Win32.Build.0 = Debug|Win32
		{27D9BDBC-098F-499E-B471-CFDD433EC05D}.Release|Win32.ActiveCfg = Release|Win32
		{27D9BDBC-098F-499E-B471-CFDD433EC05D}.Release|Win32.Build.0 = Release|Win32
		{9F18B0E5-1DEF-40D7-972C-D9793CAB8418}.Debug|Win32.ActiveCfg = Debug|Win32
		{9F18B0E5-1DEF-40D7-972C-D9793CAB8418}.Debug|Win32.Build.0 = Debug|Win32
		{9F18B0E5-1DEF-40D7-972C-D9793CAB8418}.Release|Win32.ActiveCfg = Release|Win32
		{9F18B0E5-1DEF-40D7-972C-D9793CAB8418}.Release|Win32.Build.0 = Release|Win32
		{59FC150F-895A-4EB5-BB34-118A67621F2C}.Debug|Win32.ActiveCfg = Debug|Win32
		{59FC150F-895A-4EB5-BB34-118A67621F2C}.Debug|Win32.Build.0 = Debug|Win32
		{59FC150F-895A-4EB5-BB34-118A67621F2C}.Release|Win32.ActiveCfg = Release|Win32
		{59FC150F-895A-4EB5-BB34-118A67621F2C}.Release|Win32.Build.0 = Release|Win32
		{E6509ACE-8BF2-4BC6-BD8F-F056E27F0B12}.Debug|Win32.ActiveCfg = Debug|Win32
		{E6509ACE-8BF2-4BC6-BD8F-F056E27F0B12}.Debug|Win32.Build.0 = Debug|Win32
		{E6509ACE-8BF2-4BC6-BD8F-F056E27F0B12}.Release|Win32.ActiveCfg = Release|Win32
		{E6509ACE-8BF2-4BC6-BD8F-F056E27F0B12}.Release|Win32.Build.0 = Release|Win32
		{3BD56F02-697F-4F8F-A40C-98FDC5F6DEC1}.Debug|Win32.ActiveCfg = Debug|Win32
		{3BD56F02-697F-4F8F-A40C-98FDC5F6DEC1}.Debug|Win32.Build.0 = Debug|Win32
		{3BD56F02-697F-4F8F-A40C-98FDC5F6DEC1}.Release|Win32.ActiveCfg = Release|Win32
		{3BD56F02-697F-4F8F-A40C-98FDC5F6DEC1}.Release|Win32.Build.0 = Release|Win32
		{B779C96E-9D65-4F28-BA1C-1F2525889332}.Debug|Win32.ActiveCfg = Debug|Win32
		{B779C96E-9D65-4F28-BA1C-1F2525889332}.Debug|Win32.Build.0 = Debug|Win32
		{B779C96E-9D65-4F28-BA1C-1F2525889332}.Release|Win32.ActiveCfg = Release|Win32
		{B779C96E-9D65-4F28-BA1C-1F2525889332}.Release|Win32.Build.0 = Release|Win32
	EndGlobalSection
	GlobalSection(SolutionProperties) = preSolution
		HideSolutionNode = FALSE
	EndGlobalSection
EndGlobal
